
Microsoft Visual Studio Solution File, Format Version 12.00
# Visual Studio Version 16
VisualStudioVersion = 16.0.33529.622
MinimumVisualStudioVersion = 10.0.40219.1
Project("{FAE04EC0-301F-11D3-BF4B-00C04F79EFBC}") = "AutoShelveset", "AutoShelveset\AutoShelveset.csproj", "{BC494589-621D-4AC5-8C5B-A3190E8079FD}"
EndProject
Global
	GlobalSection(SolutionConfigurationPlatforms) = preSolution
		Debug|Any CPU = Debug|Any CPU
		Release|Any CPU = Release|Any CPU
	EndGlobalSection
	GlobalSection(ProjectConfigurationPlatforms) = postSolution
		{BC494589-621D-4AC5-8C5B-A3190E8079FD}.Debug|Any CPU.ActiveCfg = Release|Any CPU
		{BC494589-621D-4AC5-8C5B-A3190E8079FD}.Debug|Any CPU.Build.0 = Release|Any CPU
		{BC494589-621D-4AC5-8C5B-A3190E8079FD}.Release|Any CPU.ActiveCfg = Release|Any CPU
		{BC494589-621D-4AC5-8C5B-A3190E8079FD}.Release|Any CPU.Build.0 = Release|Any CPU
	EndGlobalSection
	GlobalSection(SolutionProperties) = preSolution
		HideSolutionNode = FALSE
	EndGlobalSection
	GlobalSection(ExtensibilityGlobals) = postSolution
		SolutionGuid = {24D8DFAE-A10D-4BAE-8FE8-CB4198B15161}
	EndGlobalSection
EndGlobal
